{
  "requires": true,
  "lockfileVersion": 1,
  "dependencies": {
    "dj-sum": {
      "version": "1.0.1",
      "resolved": "https://registry.npmjs.org/dj-sum/-/dj-sum-1.0.1.tgz",
      "integrity": "sha512-u3D3VztGxio8VF7GQV0fZKlGaHUDs7zwsLWgq68E66LeDaXIf2SlcPmNFHEIhNeJzGRFrNREofFvh6kja6HXLw=="
    }
  }
}
